
Microsoft Visual Studio Solution File, Format Version 12.00
# Visual Studio 15
VisualStudioVersion = 15.0.26403.7
MinimumVisualStudioVersion = 10.0.40219.1
Project("{FAE04EC0-301F-11D3-BF4B-00C04F79EFBC}") = "SteganographyApp", "SteganographyApp\SteganographyApp.csproj", "{C43066A1-3FA6-4F95-A85E-6426F13A7623}"
EndProject
Project("{FAE04EC0-301F-11D3-BF4B-00C04F79EFBC}") = "SteganographyAppCommon", "SteganographyAppCommon\SteganographyAppCommon.csproj", "{D80D3CBF-241F-4FFC-BA33-180D6D4FC5DD}"
EndProject
Project("{FAE04EC0-301F-11D3-BF4B-00C04F79EFBC}") = "SteganographyAppCalculator", "SteganographyAppCalculator\SteganographyAppCalculator.csproj", "{80CE4844-0E11-42E7-B682-CDF4AE46E581}"
EndProject
Global
	GlobalSection(SolutionConfigurationPlatforms) = preSolution
		Debug|Any CPU = Debug|Any CPU
		Release|Any CPU = Release|Any CPU
	EndGlobalSection
	GlobalSection(ProjectConfigurationPlatforms) = postSolution
		{C43066A1-3FA6-4F95-A85E-6426F13A7623}.Debug|Any CPU.ActiveCfg = Debug|Any CPU
		{C43066A1-3FA6-4F95-A85E-6426F13A7623}.Debug|Any CPU.Build.0 = Debug|Any CPU
		{C43066A1-3FA6-4F95-A85E-6426F13A7623}.Release|Any CPU.ActiveCfg = Release|Any CPU
		{C43066A1-3FA6-4F95-A85E-6426F13A7623}.Release|Any CPU.Build.0 = Release|Any CPU
		{D80D3CBF-241F-4FFC-BA33-180D6D4FC5DD}.Debug|Any CPU.ActiveCfg = Debug|Any CPU
		{D80D3CBF-241F-4FFC-BA33-180D6D4FC5DD}.Debug|Any CPU.Build.0 = Debug|Any CPU
		{D80D3CBF-241F-4FFC-BA33-180D6D4FC5DD}.Release|Any CPU.ActiveCfg = Release|Any CPU
		{D80D3CBF-241F-4FFC-BA33-180D6D4FC5DD}.Release|Any CPU.Build.0 = Release|Any CPU
		{80CE4844-0E11-42E7-B682-CDF4AE46E581}.Debug|Any CPU.ActiveCfg = Debug|Any CPU
		{80CE4844-0E11-42E7-B682-CDF4AE46E581}.Debug|Any CPU.Build.0 = Debug|Any CPU
		{80CE4844-0E11-42E7-B682-CDF4AE46E581}.Release|Any CPU.ActiveCfg = Release|Any CPU
		{80CE4844-0E11-42E7-B682-CDF4AE46E581}.Release|Any CPU.Build.0 = Release|Any CPU
	EndGlobalSection
	GlobalSection(SolutionProperties) = preSolution
		HideSolutionNode = FALSE
	EndGlobalSection
EndGlobal
